
Microsoft Visual Studio Solution File, Format Version 12.00
# Visual Studio Version 16
VisualStudioVersion = 16.0.31424.327
MinimumVisualStudioVersion = 10.0.40219.1
Project("{FAE04EC0-301F-11D3-BF4B-00C04F79EFBC}") = "DictionaryDeneneme1", "DictionaryDeneneme1\DictionaryDeneneme1.csproj", "{C481672A-1F34-4BEB-824B-EB39EBE5345D}"
EndProject
Global
	GlobalSection(SolutionConfigurationPlatforms) = preSolution
		Debug|Any CPU = Debug|Any CPU
		Release|Any CPU = Release|Any CPU
	EndGlobalSection
	GlobalSection(ProjectConfigurationPlatforms) = postSolution
		{C481672A-1F34-4BEB-824B-EB39EBE5345D}.Debug|Any CPU.ActiveCfg = Debug|Any CPU
		{C481672A-1F34-4BEB-824B-EB39EBE5345D}.Debug|Any CPU.Build.0 = Debug|Any CPU
		{C481672A-1F34-4BEB-824B-EB39EBE5345D}.Release|Any CPU.ActiveCfg = Release|Any CPU
		{C481672A-1F34-4BEB-824B-EB39EBE5345D}.Release|Any CPU.Build.0 = Release|Any CPU
	EndGlobalSection
	GlobalSection(SolutionProperties) = preSolution
		HideSolutionNode = FALSE
	EndGlobalSection
	GlobalSection(ExtensibilityGlobals) = postSolution
		SolutionGuid = {7275FD74-BCAC-432C-B227-079089D87E16}
	EndGlobalSection
EndGlobal
