
Microsoft Visual Studio Solution File, Format Version 12.00
# Visual Studio Version 16
VisualStudioVersion = 16.0.32106.194
MinimumVisualStudioVersion = 10.0.40219.1
Project("{FAE04EC0-301F-11D3-BF4B-00C04F79EFBC}") = "Date Time", "Date Time\Date Time.csproj", "{972655F1-B42A-46D1-962D-0BD368DB7D60}"
EndProject
Global
	GlobalSection(SolutionConfigurationPlatforms) = preSolution
		Debug|Any CPU = Debug|Any CPU
		Release|Any CPU = Release|Any CPU
	EndGlobalSection
	GlobalSection(ProjectConfigurationPlatforms) = postSolution
		{972655F1-B42A-46D1-962D-0BD368DB7D60}.Debug|Any CPU.ActiveCfg = Debug|Any CPU
		{972655F1-B42A-46D1-962D-0BD368DB7D60}.Debug|Any CPU.Build.0 = Debug|Any CPU
		{972655F1-B42A-46D1-962D-0BD368DB7D60}.Release|Any CPU.ActiveCfg = Release|Any CPU
		{972655F1-B42A-46D1-962D-0BD368DB7D60}.Release|Any CPU.Build.0 = Release|Any CPU
	EndGlobalSection
	GlobalSection(SolutionProperties) = preSolution
		HideSolutionNode = FALSE
	EndGlobalSection
	GlobalSection(ExtensibilityGlobals) = postSolution
		SolutionGuid = {32E9F532-1C61-47F4-B112-C72489E7C7DE}
	EndGlobalSection
EndGlobal
