
Microsoft Visual Studio Solution File, Format Version 12.00
# Visual Studio Version 16
VisualStudioVersion = 16.0.32106.194
MinimumVisualStudioVersion = 10.0.40219.1
Project("{FAE04EC0-301F-11D3-BF4B-00C04F79EFBC}") = "DiagonalDiffrerence", "DiagonalDiffrerence\DiagonalDiffrerence.csproj", "{233853D7-C85F-4491-98E1-2AE4EB79704E}"
EndProject
Global
	GlobalSection(SolutionConfigurationPlatforms) = preSolution
		Debug|Any CPU = Debug|Any CPU
		Release|Any CPU = Release|Any CPU
	EndGlobalSection
	GlobalSection(ProjectConfigurationPlatforms) = postSolution
		{233853D7-C85F-4491-98E1-2AE4EB79704E}.Debug|Any CPU.ActiveCfg = Debug|Any CPU
		{233853D7-C85F-4491-98E1-2AE4EB79704E}.Debug|Any CPU.Build.0 = Debug|Any CPU
		{233853D7-C85F-4491-98E1-2AE4EB79704E}.Release|Any CPU.ActiveCfg = Release|Any CPU
		{233853D7-C85F-4491-98E1-2AE4EB79704E}.Release|Any CPU.Build.0 = Release|Any CPU
	EndGlobalSection
	GlobalSection(SolutionProperties) = preSolution
		HideSolutionNode = FALSE
	EndGlobalSection
	GlobalSection(ExtensibilityGlobals) = postSolution
		SolutionGuid = {3A762C35-501E-4A8B-B832-247887677960}
	EndGlobalSection
EndGlobal
