
Microsoft Visual Studio Solution File, Format Version 12.00
# Visual Studio Version 16
VisualStudioVersion = 16.0.32106.194
MinimumVisualStudioVersion = 10.0.40219.1
Project("{FAE04EC0-301F-11D3-BF4B-00C04F79EFBC}") = "GenericKoleksiyonlar", "GenericKoleksiyonlar\GenericKoleksiyonlar.csproj", "{977558EA-B168-46E3-9503-BA2619B612D3}"
EndProject
Global
	GlobalSection(SolutionConfigurationPlatforms) = preSolution
		Debug|Any CPU = Debug|Any CPU
		Release|Any CPU = Release|Any CPU
	EndGlobalSection
	GlobalSection(ProjectConfigurationPlatforms) = postSolution
		{977558EA-B168-46E3-9503-BA2619B612D3}.Debug|Any CPU.ActiveCfg = Debug|Any CPU
		{977558EA-B168-46E3-9503-BA2619B612D3}.Debug|Any CPU.Build.0 = Debug|Any CPU
		{977558EA-B168-46E3-9503-BA2619B612D3}.Release|Any CPU.ActiveCfg = Release|Any CPU
		{977558EA-B168-46E3-9503-BA2619B612D3}.Release|Any CPU.Build.0 = Release|Any CPU
	EndGlobalSection
	GlobalSection(SolutionProperties) = preSolution
		HideSolutionNode = FALSE
	EndGlobalSection
	GlobalSection(ExtensibilityGlobals) = postSolution
		SolutionGuid = {72699D23-B1D9-4AB9-8D72-4E5E4AAE2655}
	EndGlobalSection
EndGlobal
