
Microsoft Visual Studio Solution File, Format Version 12.00
# Visual Studio Version 16
VisualStudioVersion = 16.0.32106.194
MinimumVisualStudioVersion = 10.0.40219.1
Project("{FAE04EC0-301F-11D3-BF4B-00C04F79EFBC}") = "Metotlar", "Metotlar\Metotlar.csproj", "{4F077617-E34E-4FAE-AA8A-EBDE337EEDA1}"
EndProject
Global
	GlobalSection(SolutionConfigurationPlatforms) = preSolution
		Debug|Any CPU = Debug|Any CPU
		Release|Any CPU = Release|Any CPU
	EndGlobalSection
	GlobalSection(ProjectConfigurationPlatforms) = postSolution
		{4F077617-E34E-4FAE-AA8A-EBDE337EEDA1}.Debug|Any CPU.ActiveCfg = Debug|Any CPU
		{4F077617-E34E-4FAE-AA8A-EBDE337EEDA1}.Debug|Any CPU.Build.0 = Debug|Any CPU
		{4F077617-E34E-4FAE-AA8A-EBDE337EEDA1}.Release|Any CPU.ActiveCfg = Release|Any CPU
		{4F077617-E34E-4FAE-AA8A-EBDE337EEDA1}.Release|Any CPU.Build.0 = Release|Any CPU
	EndGlobalSection
	GlobalSection(SolutionProperties) = preSolution
		HideSolutionNode = FALSE
	EndGlobalSection
	GlobalSection(ExtensibilityGlobals) = postSolution
		SolutionGuid = {AD3950C6-EF1E-4C44-9EB7-A047EDBE7F96}
	EndGlobalSection
EndGlobal
