
Microsoft Visual Studio Solution File, Format Version 12.00
# Visual Studio Version 16
VisualStudioVersion = 16.0.31424.327
MinimumVisualStudioVersion = 10.0.40219.1
Project("{FAE04EC0-301F-11D3-BF4B-00C04F79EFBC}") = "WebApplication1", "WebApplication1\WebApplication1.csproj", "{5A7135B4-50CD-47C4-960C-74719C94074D}"
EndProject
Global
	GlobalSection(SolutionConfigurationPlatforms) = preSolution
		Debug|Any CPU = Debug|Any CPU
		Release|Any CPU = Release|Any CPU
	EndGlobalSection
	GlobalSection(ProjectConfigurationPlatforms) = postSolution
		{5A7135B4-50CD-47C4-960C-74719C94074D}.Debug|Any CPU.ActiveCfg = Debug|Any CPU
		{5A7135B4-50CD-47C4-960C-74719C94074D}.Debug|Any CPU.Build.0 = Debug|Any CPU
		{5A7135B4-50CD-47C4-960C-74719C94074D}.Release|Any CPU.ActiveCfg = Release|Any CPU
		{5A7135B4-50CD-47C4-960C-74719C94074D}.Release|Any CPU.Build.0 = Release|Any CPU
	EndGlobalSection
	GlobalSection(SolutionProperties) = preSolution
		HideSolutionNode = FALSE
	EndGlobalSection
	GlobalSection(ExtensibilityGlobals) = postSolution
		SolutionGuid = {EEF71E72-C3B6-4EF8-98EA-C05C0E70085F}
	EndGlobalSection
EndGlobal
