
Microsoft Visual Studio Solution File, Format Version 12.00
# Visual Studio Version 16
VisualStudioVersion = 16.0.31424.327
MinimumVisualStudioVersion = 10.0.40219.1
Project("{FAE04EC0-301F-11D3-BF4B-00C04F79EFBC}") = "DenemeWindowsForm", "DenemeWindowsForm\DenemeWindowsForm.csproj", "{5ED4B7AA-846C-4F6D-AEEF-0F618A1394D0}"
EndProject
Global
	GlobalSection(SolutionConfigurationPlatforms) = preSolution
		Debug|Any CPU = Debug|Any CPU
		Release|Any CPU = Release|Any CPU
	EndGlobalSection
	GlobalSection(ProjectConfigurationPlatforms) = postSolution
		{5ED4B7AA-846C-4F6D-AEEF-0F618A1394D0}.Debug|Any CPU.ActiveCfg = Debug|Any CPU
		{5ED4B7AA-846C-4F6D-AEEF-0F618A1394D0}.Debug|Any CPU.Build.0 = Debug|Any CPU
		{5ED4B7AA-846C-4F6D-AEEF-0F618A1394D0}.Release|Any CPU.ActiveCfg = Release|Any CPU
		{5ED4B7AA-846C-4F6D-AEEF-0F618A1394D0}.Release|Any CPU.Build.0 = Release|Any CPU
	EndGlobalSection
	GlobalSection(SolutionProperties) = preSolution
		HideSolutionNode = FALSE
	EndGlobalSection
	GlobalSection(ExtensibilityGlobals) = postSolution
		SolutionGuid = {BE7A94A1-C3AD-4BC4-B038-E1C2F319DE8E}
	EndGlobalSection
EndGlobal
