
Microsoft Visual Studio Solution File, Format Version 12.00
# Visual Studio Version 16
VisualStudioVersion = 16.0.32106.194
MinimumVisualStudioVersion = 10.0.40219.1
Project("{FAE04EC0-301F-11D3-BF4B-00C04F79EFBC}") = "PlusMinus", "PlusMinus\PlusMinus.csproj", "{125922F6-2244-4AF0-855D-1C1B041756D5}"
EndProject
Global
	GlobalSection(SolutionConfigurationPlatforms) = preSolution
		Debug|Any CPU = Debug|Any CPU
		Release|Any CPU = Release|Any CPU
	EndGlobalSection
	GlobalSection(ProjectConfigurationPlatforms) = postSolution
		{125922F6-2244-4AF0-855D-1C1B041756D5}.Debug|Any CPU.ActiveCfg = Debug|Any CPU
		{125922F6-2244-4AF0-855D-1C1B041756D5}.Debug|Any CPU.Build.0 = Debug|Any CPU
		{125922F6-2244-4AF0-855D-1C1B041756D5}.Release|Any CPU.ActiveCfg = Release|Any CPU
		{125922F6-2244-4AF0-855D-1C1B041756D5}.Release|Any CPU.Build.0 = Release|Any CPU
	EndGlobalSection
	GlobalSection(SolutionProperties) = preSolution
		HideSolutionNode = FALSE
	EndGlobalSection
	GlobalSection(ExtensibilityGlobals) = postSolution
		SolutionGuid = {5FCDFF1F-A883-4BBE-AE43-7BF442D46ACB}
	EndGlobalSection
EndGlobal
